
Microsoft Visual Studio Solution File, Format Version 12.00
# Visual Studio Version 16
VisualStudioVersion = 16.0.30621.155
MinimumVisualStudioVersion = 10.0.40219.1
Project("{FAE04EC0-301F-11D3-BF4B-00C04F79EFBC}") = "Lighthouse3", "Lighthouse3.csproj", "{9354EB6E-D674-4763-A589-3631FABE7654}"
EndProject
Global
	GlobalSection(SolutionConfigurationPlatforms) = preSolution
		Debug|Any CPU = Debug|Any CPU
		Release|Any CPU = Release|Any CPU
	EndGlobalSection
	GlobalSection(ProjectConfigurationPlatforms) = postSolution
		{9354EB6E-D674-4763-A589-3631FABE7654}.Debug|Any CPU.ActiveCfg = Debug|Any CPU
		{9354EB6E-D674-4763-A589-3631FABE7654}.Debug|Any CPU.Build.0 = Debug|Any CPU
		{9354EB6E-D674-4763-A589-3631FABE7654}.Release|Any CPU.ActiveCfg = Release|Any CPU
		{9354EB6E-D674-4763-A589-3631FABE7654}.Release|Any CPU.Build.0 = Release|Any CPU
	EndGlobalSection
	GlobalSection(SolutionProperties) = preSolution
		HideSolutionNode = FALSE
	EndGlobalSection
	GlobalSection(ExtensibilityGlobals) = postSolution
		SolutionGuid = {F86EAAC5-E37B-4E2B-8118-9A6EB1CCBEA4}
	EndGlobalSection
EndGlobal
